{
  "name": "sportflow",
  "version": "0.0.0",
  "lockfileVersion": 3,
  "requires": true,
  "packages": {
    "": {
      "name": "sportflow",
      "version": "0.0.0",
      "private": true,
      "scripts": {
        "dev": "vite",
        "build": "vite build",
        "preview": "vite preview",
        "start": "vite preview --port 3000"
      },
      "dependencies": {
        // Vos dépendances seront automatiquement ajoutées ici
      },
      "devDependencies": {
        // Vos devDependencies seront automatiquement ajoutées ici
      }
    }
  }
}